// !$*UTF8*$!
{
	archiveVersion = 1;
	classes = {
	};
	objectVersion = 77;
	objects = {

/* Begin PBXBuildFile section */
		AC6F4A402CA60D8300BC4E92 /* SDWebImage in Frameworks */ = {isa = PBXBuildFile; productRef = AC6F4A3F2CA60D8300BC4E92 /* SDWebImage */; };
		AC6F4A422CA60D8300BC4E92 /* SDWebImageMapKit in Frameworks */ = {isa = PBXBuildFile; productRef = AC6F4A412CA60D8300BC4E92 /* SDWebImageMapKit */; };
/* End PBXBuildFile section */

/* Begin PBXContainerItemProxy section */
		AC209CCE2CA091F300FFDFA3 /* PBXContainerItemProxy */ = {
			isa = PBXContainerItemProxy;
			containerPortal = AC209CAF2CA091ED00FFDFA3 /* Project object */;
			proxyType = 1;
			remoteGlobalIDString = AC209CB62CA091ED00FFDFA3;
			remoteInfo = "netflix Clone";
		};
		AC209CD82CA091F300FFDFA3 /* PBXContainerItemProxy */ = {
			isa = PBXContainerItemProxy;
			containerPortal = AC209CAF2CA091ED00FFDFA3 /* Project object */;
			proxyType = 1;
			remoteGlobalIDString = AC209CB62CA091ED00FFDFA3;
			remoteInfo = "netflix Clone";
		};
/* End PBXContainerItemProxy section */

/* Begin PBXFileReference section */
		AC209CB72CA091ED00FFDFA3 /* netflix Clone.app */ = {isa = PBXFileReference; explicitFileType = wrapper.application; includeInIndex = 0; path = "netflix Clone.app"; sourceTree = BUILT_PRODUCTS_DIR; };
		AC209CCD2CA091F300FFDFA3 /* netflix CloneTests.xctest */ = {isa = PBXFileReference; explicitFileType = wrapper.cfbundle; includeInIndex = 0; path = "netflix CloneTests.xctest"; sourceTree = BUILT_PRODUCTS_DIR; };
		AC209CD72CA091F300FFDFA3 /* netflix CloneUITests.xctest */ = {isa = PBXFileReference; explicitFileType = wrapper.cfbundle; includeInIndex = 0; path = "netflix CloneUITests.xctest"; sourceTree = BUILT_PRODUCTS_DIR; };
/* End PBXFileReference section */

/* Begin PBXFileSystemSynchronizedBuildFileExceptionSet section */
		AC209CDF2CA091F300FFDFA3 /* Exceptions for "netflix Clone" folder in "netflix Clone" target */ = {
			isa = PBXFileSystemSynchronizedBuildFileExceptionSet;
			membershipExceptions = (
				Info.plist,
			);
			target = AC209CB62CA091ED00FFDFA3 /* netflix Clone */;
		};
/* End PBXFileSystemSynchronizedBuildFileExceptionSet section */

/* Begin PBXFileSystemSynchronizedRootGroup section */
		AC209CB92CA091ED00FFDFA3 /* netflix Clone */ = {
			isa = PBXFileSystemSynchronizedRootGroup;
			exceptions = (
				AC209CDF2CA091F300FFDFA3 /* Exceptions for "netflix Clone" folder in "netflix Clone" target */,
			);
			path = "netflix Clone";
			sourceTree = "<group>";
		};
		AC209CD02CA091F300FFDFA3 /* netflix CloneTests */ = {
			isa = PBXFileSystemSynchronizedRootGroup;
			path = "netflix CloneTests";
			sourceTree = "<group>";
		};
		AC209CDA2CA091F300FFDFA3 /* netflix CloneUITests */ = {
			isa = PBXFileSystemSynchronizedRootGroup;
			path = "netflix CloneUITests";
			sourceTree = "<group>";
		};
/* End PBXFileSystemSynchronizedRootGroup section */

/* Begin PBXFrameworksBuildPhase section */
		AC209CB42CA091ED00FFDFA3 /* Frameworks */ = {
			isa = PBXFrameworksBuildPhase;
			buildActionMask = 2147483647;
			files = (
				AC6F4A422CA60D8300BC4E92 /* SDWebImageMapKit in Frameworks */,
				AC6F4A402CA60D8300BC4E92 /* SDWebImage in Frameworks */,
			);
			runOnlyForDeploymentPostprocessing = 0;
		};
		AC209CCA2CA091F300FFDFA3 /* Frameworks */ = {
			isa = PBXFrameworksBuildPhase;
			buildActionMask = 2147483647;
			files = (
			);
			runOnlyForDeploymentPostprocessing = 0;
		};
		AC209CD42CA091F300FFDFA3 /* Frameworks */ = {
			isa = PBXFrameworksBuildPhase;
			buildActionMask = 2147483647;
			files = (
			);
			runOnlyForDeploymentPostprocessing = 0;
		};
/* End PBXFrameworksBuildPhase section */

/* Begin PBXGroup section */
		AC209CAE2CA091ED00FFDFA3 = {
			isa = PBXGroup;
			children = (
				AC209CB92CA091ED00FFDFA3 /* netflix Clone */,
				AC209CD02CA091F300FFDFA3 /* netflix CloneTests */,
				AC209CDA2CA091F300FFDFA3 /* netflix CloneUITests */,
				AC209CB82CA091ED00FFDFA3 /* Products */,
			);
			sourceTree = "<group>";
		};
		AC209CB82CA091ED00FFDFA3 /* Products */ = {
			isa = PBXGroup;
			children = (
				AC209CB72CA091ED00FFDFA3 /* netflix Clone.app */,
				AC209CCD2CA091F300FFDFA3 /* netflix CloneTests.xctest */,
				AC209CD72CA091F300FFDFA3 /* netflix CloneUITests.xctest */,
			);
			name = Products;
			sourceTree = "<group>";
		};
/* End PBXGroup section */

/* Begin PBXNativeTarget section */
		AC209CB62CA091ED00FFDFA3 /* netflix Clone */ = {
			isa = PBXNativeTarget;
			buildConfigurationList = AC209CE02CA091F300FFDFA3 /* Build configuration list for PBXNativeTarget "netflix Clone" */;
			buildPhases = (
				AC209CB32CA091ED00FFDFA3 /* Sources */,
				AC209CB42CA091ED00FFDFA3 /* Frameworks */,
				AC209CB52CA091ED00FFDFA3 /* Resources */,
			);
			buildRules = (
			);
			dependencies = (
			);
			fileSystemSynchronizedGroups = (
				AC209CB92CA091ED00FFDFA3 /* netflix Clone */,
			);
			name = "netflix Clone";
			packageProductDependencies = (
				AC6F4A3F2CA60D8300BC4E92 /* SDWebImage */,
				AC6F4A412CA60D8300BC4E92 /* SDWebImageMapKit */,
			);
			productName = "netflix Clone";
			productReference = AC209CB72CA091ED00FFDFA3 /* netflix Clone.app */;
			productType = "com.apple.product-type.application";
		};
		AC209CCC2CA091F300FFDFA3 /* netflix CloneTests */ = {
			isa = PBXNativeTarget;
			buildConfigurationList = AC209CE52CA091F300FFDFA3 /* Build configuration list for PBXNativeTarget "netflix CloneTests" */;
			buildPhases = (
				AC209CC92CA091F300FFDFA3 /* Sources */,
				AC209CCA2CA091F300FFDFA3 /* Frameworks */,
				AC209CCB2CA091F300FFDFA3 /* Resources */,
			);
			buildRules = (
			);
			dependencies = (
				AC209CCF2CA091F300FFDFA3 /* PBXTargetDependency */,
			);
			fileSystemSynchronizedGroups = (
				AC209CD02CA091F300FFDFA3 /* netflix CloneTests */,
			);
			name = "netflix CloneTests";
			packageProductDependencies = (
			);
			productName = "netflix CloneTests";
			productReference = AC209CCD2CA091F300FFDFA3 /* netflix CloneTests.xctest */;
			productType = "com.apple.product-type.bundle.unit-test";
		};
		AC209CD62CA091F300FFDFA3 /* netflix CloneUITests */ = {
			isa = PBXNativeTarget;
			buildConfigurationList = AC209CE82CA091F300FFDFA3 /* Build configuration list for PBXNativeTarget "netflix CloneUITests" */;
			buildPhases = (
				AC209CD32CA091F300FFDFA3 /* Sources */,
				AC209CD42CA091F300FFDFA3 /* Frameworks */,
				AC209CD52CA091F300FFDFA3 /* Resources */,
			);
			buildRules = (
			);
			dependencies = (
				AC209CD92CA091F300FFDFA3 /* PBXTargetDependency */,
			);
			fileSystemSynchronizedGroups = (
				AC209CDA2CA091F300FFDFA3 /* netflix CloneUITests */,
			);
			name = "netflix CloneUITests";
			packageProductDependencies = (
			);
			productName = "netflix CloneUITests";
			productReference = AC209CD72CA091F300FFDFA3 /* netflix CloneUITests.xctest */;
			productType = "com.apple.product-type.bundle.ui-testing";
		};
/* End PBXNativeTarget section */

/* Begin PBXProject section */
		AC209CAF2CA091ED00FFDFA3 /* Project object */ = {
			isa = PBXProject;
			attributes = {
				BuildIndependentTargetsInParallel = 1;
				LastSwiftUpdateCheck = 1600;
				LastUpgradeCheck = 1600;
				TargetAttributes = {
					AC209CB62CA091ED00FFDFA3 = {
						CreatedOnToolsVersion = 16.0;
					};
					AC209CCC2CA091F300FFDFA3 = {
						CreatedOnToolsVersion = 16.0;
						TestTargetID = AC209CB62CA091ED00FFDFA3;
					};
					AC209CD62CA091F300FFDFA3 = {
						CreatedOnToolsVersion = 16.0;
						TestTargetID = AC209CB62CA091ED00FFDFA3;
					};
				};
			};
			buildConfigurationList = AC209CB22CA091ED00FFDFA3 /* Build configuration list for PBXProject "netflix Clone" */;
			developmentRegion = en;
			hasScannedForEncodings = 0;
			knownRegions = (
				en,
				Base,
			);
			mainGroup = AC209CAE2CA091ED00FFDFA3;
			minimizedProjectReferenceProxies = 1;
			packageReferences = (
				AC6F4A3E2CA60D8300BC4E92 /* XCRemoteSwiftPackageReference "SDWebImage" */,
			);
			preferredProjectObjectVersion = 77;
			productRefGroup = AC209CB82CA091ED00FFDFA3 /* Products */;
			projectDirPath = "";
			projectRoot = "";
			targets = (
				AC209CB62CA091ED00FFDFA3 /* netflix Clone */,
				AC209CCC2CA091F300FFDFA3 /* netflix CloneTests */,
				AC209CD62CA091F300FFDFA3 /* netflix CloneUITests */,
			);
		};
/* End PBXProject section */

/* Begin PBXResourcesBuildPhase section */
		AC209CB52CA091ED00FFDFA3 /* Resources */ = {
			isa = PBXResourcesBuildPhase;
			buildActionMask = 2147483647;
			files = (
			);
			runOnlyForDeploymentPostprocessing = 0;
		};
		AC209CCB2CA091F300FFDFA3 /* Resources */ = {
			isa = PBXResourcesBuildPhase;
			buildActionMask = 2147483647;
			files = (
			);
			runOnlyForDeploymentPostprocessing = 0;
		};
		AC209CD52CA091F300FFDFA3 /* Resources */ = {
			isa = PBXResourcesBuildPhase;
			buildActionMask = 2147483647;
			files = (
			);
			runOnlyForDeploymentPostprocessing = 0;
		};
/* End PBXResourcesBuildPhase section */

/* Begin PBXSourcesBuildPhase section */
		AC209CB32CA091ED00FFDFA3 /* Sources */ = {
			isa = PBXSourcesBuildPhase;
			buildActionMask = 2147483647;
			files = (
			);
			runOnlyForDeploymentPostprocessing = 0;
		};
		AC209CC92CA091F300FFDFA3 /* Sources */ = {
			isa = PBXSourcesBuildPhase;
			buildActionMask = 2147483647;
			files = (
			);
			runOnlyForDeploymentPostprocessing = 0;
		};
		AC209CD32CA091F300FFDFA3 /* Sources */ = {
			isa = PBXSourcesBuildPhase;
			buildActionMask = 2147483647;
			files = (
			);
			runOnlyForDeploymentPostprocessing = 0;
		};
/* End PBXSourcesBuildPhase section */

/* Begin PBXTargetDependency section */
		AC209CCF2CA091F300FFDFA3 /* PBXTargetDependency */ = {
			isa = PBXTargetDependency;
			target = AC209CB62CA091ED00FFDFA3 /* netflix Clone */;
			targetProxy = AC209CCE2CA091F300FFDFA3 /* PBXContainerItemProxy */;
		};
		AC209CD92CA091F300FFDFA3 /* PBXTargetDependency */ = {
			isa = PBXTargetDependency;
			target = AC209CB62CA091ED00FFDFA3 /* netflix Clone */;
			targetProxy = AC209CD82CA091F300FFDFA3 /* PBXContainerItemProxy */;
		};
/* End PBXTargetDependency section */

/* Begin XCBuildConfiguration section */
		AC209CE12CA091F300FFDFA3 /* Debug */ = {
			isa = XCBuildConfiguration;
			buildSettings = {
				ASSETCATALOG_COMPILER_APPICON_NAME = AppIcon;
				ASSETCATALOG_COMPILER_GLOBAL_ACCENT_COLOR_NAME = AccentColor;
				CODE_SIGN_STYLE = Automatic;
				CURRENT_PROJECT_VERSION = 1;
				GENERATE_INFOPLIST_FILE = YES;
				INFOPLIST_FILE = "netflix Clone/Info.plist";
				INFOPLIST_KEY_UIApplicationSupportsIndirectInputEvents = YES;
				INFOPLIST_KEY_UILaunchStoryboardName = LaunchScreen;
				INFOPLIST_KEY_UISupportedInterfaceOrientations_iPad = "UIInterfaceOrientationPortrait UIInterfaceOrientationPortraitUpsideDown UIInterfaceOrientationLandscapeLeft UIInterfaceOrientationLandscapeRight";
				INFOPLIST_KEY_UISupportedInterfaceOrientations_iPhone = "UIInterfaceOrientationPortrait UIInterfaceOrientationLandscapeLeft UIInterfaceOrientationLandscapeRight";
				LD_RUNPATH_SEARCH_PATHS = (
					"$(inherited)",
					"@executable_path/Frameworks",
				);
				MARKETING_VERSION = 1.0;
				PRODUCT_BUNDLE_IDENTIFIER = "co.adeeb.netflix-Clone";
				PRODUCT_NAME = "$(TARGET_NAME)";
				SWIFT_EMIT_LOC_STRINGS = YES;
				SWIFT_VERSION = 5.0;
				TARGETED_DEVICE_FAMILY = "1,2";
			};
			name = Debug;
		};
		AC209CE22CA091F300FFDFA3 /* Release */ = {
			isa = XCBuildConfiguration;
			buildSettings = {
				ASSETCATALOG_COMPILER_APPICON_NAME = AppIcon;
				ASSETCATALOG_COMPILER_GLOBAL_ACCENT_COLOR_NAME = AccentColor;
				CODE_SIGN_STYLE = Automatic;
				CURRENT_PROJECT_VERSION = 1;
				GENERATE_INFOPLIST_FILE = YES;
				INFOPLIST_FILE = "netflix Clone/Info.plist";
				INFOPLIST_KEY_UIApplicationSupportsIndirectInputEvents = YES;
				INFOPLIST_KEY_UILaunchStoryboardName = LaunchScreen;
				INFOPLIST_KEY_UISupportedInterfaceOrientations_iPad = "UIInterfaceOrientationPortrait UIInterfaceOrientationPortraitUpsideDown UIInterfaceOrientationLandscapeLeft UIInterfaceOrientationLandscapeRight";
				INFOPLIST_KEY_UISupportedInterfaceOrientations_iPhone = "UIInterfaceOrientationPortrait UIInterfaceOrientationLandscapeLeft UIInterfaceOrientationLandscapeRight";
				LD_RUNPATH_SEARCH_PATHS = (
					"$(inherited)",
					"@executable_path/Frameworks",
				);
				MARKETING_VERSION = 1.0;
				PRODUCT_BUNDLE_IDENTIFIER = "co.adeeb.netflix-Clone";
				PRODUCT_NAME = "$(TARGET_NAME)";
				SWIFT_EMIT_LOC_STRINGS = YES;
				SWIFT_VERSION = 5.0;
				TARGETED_DEVICE_FAMILY = "1,2";
			};
			name = Release;
		};
		AC209CE32CA091F300FFDFA3 /* Debug */ = {
			isa = XCBuildConfiguration;
			buildSettings = {
				ALWAYS_SEARCH_USER_PATHS = NO;
				ASSETCATALOG_COMPILER_GENERATE_SWIFT_ASSET_SYMBOL_EXTENSIONS = YES;
				CLANG_ANALYZER_NONNULL = YES;
				CLANG_ANALYZER_NUMBER_OBJECT_CONVERSION = YES_AGGRESSIVE;
				CLANG_CXX_LANGUAGE_STANDARD = "gnu++20";
				CLANG_ENABLE_MODULES = YES;
				CLANG_ENABLE_OBJC_ARC = YES;
				CLANG_ENABLE_OBJC_WEAK = YES;
				CLANG_WARN_BLOCK_CAPTURE_AUTORELEASING = YES;
				CLANG_WARN_BOOL_CONVERSION = YES;
				CLANG_WARN_COMMA = YES;
				CLANG_WARN_CONSTANT_CONVERSION = YES;
				CLANG_WARN_DEPRECATED_OBJC_IMPLEMENTATIONS = YES;
				CLANG_WARN_DIRECT_OBJC_ISA_USAGE = YES_ERROR;
				CLANG_WARN_DOCUMENTATION_COMMENTS = YES;
				CLANG_WARN_EMPTY_BODY = YES;
				CLANG_WARN_ENUM_CONVERSION = YES;
				CLANG_WARN_INFINITE_RECURSION = YES;
				CLANG_WARN_INT_CONVERSION = YES;
				CLANG_WARN_NON_LITERAL_NULL_CONVERSION = YES;
				CLANG_WARN_OBJC_IMPLICIT_RETAIN_SELF = YES;
				CLANG_WARN_OBJC_LITERAL_CONVERSION = YES;
				CLANG_WARN_OBJC_ROOT_CLASS = YES_ERROR;
				CLANG_WARN_QUOTED_INCLUDE_IN_FRAMEWORK_HEADER = YES;
				CLANG_WARN_RANGE_LOOP_ANALYSIS = YES;
				CLANG_WARN_STRICT_PROTOTYPES = YES;
				CLANG_WARN_SUSPICIOUS_MOVE = YES;
				CLANG_WARN_UNGUARDED_AVAILABILITY = YES_AGGRESSIVE;
				CLANG_WARN_UNREACHABLE_CODE = YES;
				CLANG_WARN__DUPLICATE_METHOD_MATCH = YES;
				COPY_PHASE_STRIP = NO;
				DEBUG_INFORMATION_FORMAT = dwarf;
				ENABLE_STRICT_OBJC_MSGSEND = YES;
				ENABLE_TESTABILITY = YES;
				ENABLE_USER_SCRIPT_SANDBOXING = YES;
				GCC_C_LANGUAGE_STANDARD = gnu17;
				GCC_DYNAMIC_NO_PIC = NO;
				GCC_NO_COMMON_BLOCKS = YES;
				GCC_OPTIMIZATION_LEVEL = 0;
				GCC_PREPROCESSOR_DEFINITIONS = (
					"DEBUG=1",
					"$(inherited)",
				);
				GCC_WARN_64_TO_32_BIT_CONVERSION = YES;
				GCC_WARN_ABOUT_RETURN_TYPE = YES_ERROR;
				GCC_WARN_UNDECLARED_SELECTOR = YES;
				GCC_WARN_UNINITIALIZED_AUTOS = YES_AGGRESSIVE;
				GCC_WARN_UNUSED_FUNCTION = YES;
				GCC_WARN_UNUSED_VARIABLE = YES;
				IPHONEOS_DEPLOYMENT_TARGET = 18.0;
				LOCALIZATION_PREFERS_STRING_CATALOGS = YES;
				MTL_ENABLE_DEBUG_INFO = INCLUDE_SOURCE;
				MTL_FAST_MATH = YES;
				ONLY_ACTIVE_ARCH = YES;
				SDKROOT = iphoneos;
				SWIFT_ACTIVE_COMPILATION_CONDITIONS = "DEBUG $(inherited)";
				SWIFT_OPTIMIZATION_LEVEL = "-Onone";
			};
			name = Debug;
		};
		AC209CE42CA091F300FFDFA3 /* Release */ = {
			isa = XCBuildConfiguration;
			buildSettings = {
				ALWAYS_SEARCH_USER_PATHS = NO;
				ASSETCATALOG_COMPILER_GENERATE_SWIFT_ASSET_SYMBOL_EXTENSIONS = YES;
				CLANG_ANALYZER_NONNULL = YES;
				CLANG_ANALYZER_NUMBER_OBJECT_CONVERSION = YES_AGGRESSIVE;
				CLANG_CXX_LANGUAGE_STANDARD = "gnu++20";
				CLANG_ENABLE_MODULES = YES;
				CLANG_ENABLE_OBJC_ARC = YES;
				CLANG_ENABLE_OBJC_WEAK = YES;
				CLANG_WARN_BLOCK_CAPTURE_AUTORELEASING = YES;
				CLANG_WARN_BOOL_CONVERSION = YES;
				CLANG_WARN_COMMA = YES;
				CLANG_WARN_CONSTANT_CONVERSION = YES;
				CLANG_WARN_DEPRECATED_OBJC_IMPLEMENTATIONS = YES;
				CLANG_WARN_DIRECT_OBJC_ISA_USAGE = YES_ERROR;
				CLANG_WARN_DOCUMENTATION_COMMENTS = YES;
				CLANG_WARN_EMPTY_BODY = YES;
				CLANG_WARN_ENUM_CONVERSION = YES;
				CLANG_WARN_INFINITE_RECURSION = YES;
				CLANG_WARN_INT_CONVERSION = YES;
				CLANG_WARN_NON_LITERAL_NULL_CONVERSION = YES;
				CLANG_WARN_OBJC_IMPLICIT_RETAIN_SELF = YES;
				CLANG_WARN_OBJC_LITERAL_CONVERSION = YES;
				CLANG_WARN_OBJC_ROOT_CLASS = YES_ERROR;
				CLANG_WARN_QUOTED_INCLUDE_IN_FRAMEWORK_HEADER = YES;
				CLANG_WARN_RANGE_LOOP_ANALYSIS = YES;
				CLANG_WARN_STRICT_PROTOTYPES = YES;
				CLANG_WARN_SUSPICIOUS_MOVE = YES;
				CLANG_WARN_UNGUARDED_AVAILABILITY = YES_AGGRESSIVE;
				CLANG_WARN_UNREACHABLE_CODE = YES;
				CLANG_WARN__DUPLICATE_METHOD_MATCH = YES;
				COPY_PHASE_STRIP = NO;
				DEBUG_INFORMATION_FORMAT = "dwarf-with-dsym";
				ENABLE_NS_ASSERTIONS = NO;
				ENABLE_STRICT_OBJC_MSGSEND = YES;
				ENABLE_USER_SCRIPT_SANDBOXING = YES;
				GCC_C_LANGUAGE_STANDARD = gnu17;
				GCC_NO_COMMON_BLOCKS = YES;
				GCC_WARN_64_TO_32_BIT_CONVERSION = YES;
				GCC_WARN_ABOUT_RETURN_TYPE = YES_ERROR;
				GCC_WARN_UNDECLARED_SELECTOR = YES;
				GCC_WARN_UNINITIALIZED_AUTOS = YES_AGGRESSIVE;
				GCC_WARN_UNUSED_FUNCTION = YES;
				GCC_WARN_UNUSED_VARIABLE = YES;
				IPHONEOS_DEPLOYMENT_TARGET = 18.0;
				LOCALIZATION_PREFERS_STRING_CATALOGS = YES;
				MTL_ENABLE_DEBUG_INFO = NO;
				MTL_FAST_MATH = YES;
				SDKROOT = iphoneos;
				SWIFT_COMPILATION_MODE = wholemodule;
				VALIDATE_PRODUCT = YES;
			};
			name = Release;
		};
		AC209CE62CA091F300FFDFA3 /* Debug */ = {
			isa = XCBuildConfiguration;
			buildSettings = {
				BUNDLE_LOADER = "$(TEST_HOST)";
				CODE_SIGN_STYLE = Automatic;
				CURRENT_PROJECT_VERSION = 1;
				GENERATE_INFOPLIST_FILE = YES;
				IPHONEOS_DEPLOYMENT_TARGET = 18.0;
				MARKETING_VERSION = 1.0;
				PRODUCT_BUNDLE_IDENTIFIER = "co.adeeb.netflix-CloneTests";
				PRODUCT_NAME = "$(TARGET_NAME)";
				SWIFT_EMIT_LOC_STRINGS = NO;
				SWIFT_VERSION = 5.0;
				TARGETED_DEVICE_FAMILY = "1,2";
				TEST_HOST = "$(BUILT_PRODUCTS_DIR)/netflix Clone.app/$(BUNDLE_EXECUTABLE_FOLDER_PATH)/netflix Clone";
			};
			name = Debug;
		};
		AC209CE72CA091F300FFDFA3 /* Release */ = {
			isa = XCBuildConfiguration;
			buildSettings = {
				BUNDLE_LOADER = "$(TEST_HOST)";
				CODE_SIGN_STYLE = Automatic;
				CURRENT_PROJECT_VERSION = 1;
				GENERATE_INFOPLIST_FILE = YES;
				IPHONEOS_DEPLOYMENT_TARGET = 18.0;
				MARKETING_VERSION = 1.0;
				PRODUCT_BUNDLE_IDENTIFIER = "co.adeeb.netflix-CloneTests";
				PRODUCT_NAME = "$(TARGET_NAME)";
				SWIFT_EMIT_LOC_STRINGS = NO;
				SWIFT_VERSION = 5.0;
				TARGETED_DEVICE_FAMILY = "1,2";
				TEST_HOST = "$(BUILT_PRODUCTS_DIR)/netflix Clone.app/$(BUNDLE_EXECUTABLE_FOLDER_PATH)/netflix Clone";
			};
			name = Release;
		};
		AC209CE92CA091F300FFDFA3 /* Debug */ = {
			isa = XCBuildConfiguration;
			buildSettings = {
				CODE_SIGN_STYLE = Automatic;
				CURRENT_PROJECT_VERSION = 1;
				GENERATE_INFOPLIST_FILE = YES;
				MARKETING_VERSION = 1.0;
				PRODUCT_BUNDLE_IDENTIFIER = "co.adeeb.netflix-CloneUITests";
				PRODUCT_NAME = "$(TARGET_NAME)";
				SWIFT_EMIT_LOC_STRINGS = NO;
				SWIFT_VERSION = 5.0;
				TARGETED_DEVICE_FAMILY = "1,2";
				TEST_TARGET_NAME = "netflix Clone";
			};
			name = Debug;
		};
		AC209CEA2CA091F300FFDFA3 /* Release */ = {
			isa = XCBuildConfiguration;
			buildSettings = {
				CODE_SIGN_STYLE = Automatic;
				CURRENT_PROJECT_VERSION = 1;
				GENERATE_INFOPLIST_FILE = YES;
				MARKETING_VERSION = 1.0;
				PRODUCT_BUNDLE_IDENTIFIER = "co.adeeb.netflix-CloneUITests";
				PRODUCT_NAME = "$(TARGET_NAME)";
				SWIFT_EMIT_LOC_STRINGS = NO;
				SWIFT_VERSION = 5.0;
				TARGETED_DEVICE_FAMILY = "1,2";
				TEST_TARGET_NAME = "netflix Clone";
			};
			name = Release;
		};
/* End XCBuildConfiguration section */

/* Begin XCConfigurationList section */
		AC209CB22CA091ED00FFDFA3 /* Build configuration list for PBXProject "netflix Clone" */ = {
			isa = XCConfigurationList;
			buildConfigurations = (
				AC209CE32CA091F300FFDFA3 /* Debug */,
				AC209CE42CA091F300FFDFA3 /* Release */,
			);
			defaultConfigurationIsVisible = 0;
			defaultConfigurationName = Release;
		};
		AC209CE02CA091F300FFDFA3 /* Build configuration list for PBXNativeTarget "netflix Clone" */ = {
			isa = XCConfigurationList;
			buildConfigurations = (
				AC209CE12CA091F300FFDFA3 /* Debug */,
				AC209CE22CA091F300FFDFA3 /* Release */,
			);
			defaultConfigurationIsVisible = 0;
			defaultConfigurationName = Release;
		};
		AC209CE52CA091F300FFDFA3 /* Build configuration list for PBXNativeTarget "netflix CloneTests" */ = {
			isa = XCConfigurationList;
			buildConfigurations = (
				AC209CE62CA091F300FFDFA3 /* Debug */,
				AC209CE72CA091F300FFDFA3 /* Release */,
			);
			defaultConfigurationIsVisible = 0;
			defaultConfigurationName = Release;
		};
		AC209CE82CA091F300FFDFA3 /* Build configuration list for PBXNativeTarget "netflix CloneUITests" */ = {
			isa = XCConfigurationList;
			buildConfigurations = (
				AC209CE92CA091F300FFDFA3 /* Debug */,
				AC209CEA2CA091F300FFDFA3 /* Release */,
			);
			defaultConfigurationIsVisible = 0;
			defaultConfigurationName = Release;
		};
/* End XCConfigurationList section */

/* Begin XCRemoteSwiftPackageReference section */
		AC6F4A3E2CA60D8300BC4E92 /* XCRemoteSwiftPackageReference "SDWebImage" */ = {
			isa = XCRemoteSwiftPackageReference;
			repositoryURL = "https://github.com/SDWebImage/SDWebImage.git";
			requirement = {
				kind = upToNextMajorVersion;
				minimumVersion = 5.19.7;
			};
		};
/* End XCRemoteSwiftPackageReference section */

/* Begin XCSwiftPackageProductDependency section */
		AC6F4A3F2CA60D8300BC4E92 /* SDWebImage */ = {
			isa = XCSwiftPackageProductDependency;
			package = AC6F4A3E2CA60D8300BC4E92 /* XCRemoteSwiftPackageReference "SDWebImage" */;
			productName = SDWebImage;
		};
		AC6F4A412CA60D8300BC4E92 /* SDWebImageMapKit */ = {
			isa = XCSwiftPackageProductDependency;
			package = AC6F4A3E2CA60D8300BC4E92 /* XCRemoteSwiftPackageReference "SDWebImage" */;
			productName = SDWebImageMapKit;
		};
/* End XCSwiftPackageProductDependency section */
	};
	rootObject = AC209CAF2CA091ED00FFDFA3 /* Project object */;
}
